
Microsoft Visual Studio Solution File, Format Version 12.00
# Visual Studio Version 17
VisualStudioVersion = 17.14.37027.9 d17.14
MinimumVisualStudioVersion = 10.0.40219.1
Project("{FAE04EC0-301F-11D3-BF4B-00C04F79EFBC}") = "TaskFlow", "TaskFlow.csproj", "{B87C0548-5D39-4DBD-A2D3-83FB25CDD05A}"
EndProject
Global
	GlobalSection(SolutionConfigurationPlatforms) = preSolution
		Debug|Any CPU = Debug|Any CPU
		Release|Any CPU = Release|Any CPU
	EndGlobalSection
	GlobalSection(ProjectConfigurationPlatforms) = postSolution
		{B87C0548-5D39-4DBD-A2D3-83FB25CDD05A}.Debug|Any CPU.ActiveCfg = Debug|Any CPU
		{B87C0548-5D39-4DBD-A2D3-83FB25CDD05A}.Debug|Any CPU.Build.0 = Debug|Any CPU
		{B87C0548-5D39-4DBD-A2D3-83FB25CDD05A}.Release|Any CPU.ActiveCfg = Release|Any CPU
		{B87C0548-5D39-4DBD-A2D3-83FB25CDD05A}.Release|Any CPU.Build.0 = Release|Any CPU
	EndGlobalSection
	GlobalSection(SolutionProperties) = preSolution
		HideSolutionNode = FALSE
	EndGlobalSection
	GlobalSection(ExtensibilityGlobals) = postSolution
		SolutionGuid = {5F1DC8F5-BC53-41CA-BFAF-698EEAED15EF}
	EndGlobalSection
EndGlobal
